// !$*UTF8*$!
{
	archiveVersion = 1;
	classes = {
	};
	objectVersion = 46;
	objects = {

/* Begin PBXBuildFile section */
		8D00FA931740D31B00E1AF90 /* NSAlert+OPBlocks.m in Sources */ = {isa = PBXBuildFile; fileRef = 8D00FA921740D31B00E1AF90 /* NSAlert+OPBlocks.m */; };
		8D0904C2176A7C4800176BCF /* SESourceItem.m in Sources */ = {isa = PBXBuildFile; fileRef = 8D0904C1176A7C4800176BCF /* SESourceItem.m */; };
		8D16399617C3B7A6000DD491 /* SESourceEditorTextView.m in Sources */ = {isa = PBXBuildFile; fileRef = 8D16399517C3B7A6000DD491 /* SESourceEditorTextView.m */; };
		8D16399817C57FAE000DD491 /* S-Explorer.iconset in Resources */ = {isa = PBXBuildFile; fileRef = 8D16399717C57FAE000DD491 /* S-Explorer.iconset */; };
		8D16399C17C6BC1D000DD491 /* SEApplicationDelegate.m in Sources */ = {isa = PBXBuildFile; fileRef = 8D16399B17C6BC1D000DD491 /* SEApplicationDelegate.m */; };
		8D16FB5C19491FDE00DF9F91 /* PseudoTTY.m in Sources */ = {isa = PBXBuildFile; fileRef = 8D94C2461783AA8B00D8595B /* PseudoTTY.m */; };
		8D179893193D4423002FA4AB /* XCTestAsync.h in Sources */ = {isa = PBXBuildFile; fileRef = 8D179891193D4423002FA4AB /* XCTestAsync.h */; };
		8D179894193D4423002FA4AB /* XCTestAsync.m in Sources */ = {isa = PBXBuildFile; fileRef = 8D179892193D4423002FA4AB /* XCTestAsync.m */; };
		8D17FE2817EA72A000883285 /* XCTest.framework in Frameworks */ = {isa = PBXBuildFile; fileRef = 8D17FE2717EA72A000883285 /* XCTest.framework */; };
		8D27BFF51766C59D00F1F8FA /* SESyntaxParser.m in Sources */ = {isa = PBXBuildFile; fileRef = 8D27BFF31766C59C00F1F8FA /* SESyntaxParser.m */; };
		8D2AAB6C177A8E50008F07C4 /* NoodleLineNumberView.m in Sources */ = {isa = PBXBuildFile; fileRef = 8D2AAB68177A8E50008F07C4 /* NoodleLineNumberView.m */; };
		8D2AAB71177A94A8008F07C4 /* NoodleLineNumberMarker.m in Sources */ = {isa = PBXBuildFile; fileRef = 8D2AAB66177A8E50008F07C4 /* NoodleLineNumberMarker.m */; };
		8D31EE6C191FE5150054ADD8 /* OPImageTinting.m in Sources */ = {isa = PBXBuildFile; fileRef = 8D31EE6B191FE5150054ADD8 /* OPImageTinting.m */; };
		8D470B9C18196DCA00C0C654 /* OPBEncoding_Tests.m in Sources */ = {isa = PBXBuildFile; fileRef = 8D470B9B18196DCA00C0C654 /* OPBEncoding_Tests.m */; };
		8D4DF7E717F4587F00BC0773 /* OPCharFilterFormatter.m in Sources */ = {isa = PBXBuildFile; fileRef = 8D4DF7E517F4587F00BC0773 /* OPCharFilterFormatter.m */; };
		8D4DF83317F5AAF600BC0773 /* chibi-repl-server.scm in Resources */ = {isa = PBXBuildFile; fileRef = 8D4DF83217F5AAF600BC0773 /* chibi-repl-server.scm */; };
		8D5C020418688E69007EBFAA /* Scratchpad.clj in Resources */ = {isa = PBXBuildFile; fileRef = 8D5C020318688E69007EBFAA /* Scratchpad.clj */; };
		8D5DD11917F6D13800E352FE /* NSView+OPCopying.m in Sources */ = {isa = PBXBuildFile; fileRef = 8D5DD11817F6D13800E352FE /* NSView+OPCopying.m */; };
		8D604254173BE60800149409 /* InfoPlist.strings in Resources */ = {isa = PBXBuildFile; fileRef = 8D604252173BE60800149409 /* InfoPlist.strings */; };
		8D604256173BE60800149409 /* main.m in Sources */ = {isa = PBXBuildFile; fileRef = 8D604255173BE60800149409 /* main.m */; };
		8D60425A173BE60800149409 /* Credits.rtf in Resources */ = {isa = PBXBuildFile; fileRef = 8D604258173BE60800149409 /* Credits.rtf */; };
		8D60425D173BE60800149409 /* SEProject.m in Sources */ = {isa = PBXBuildFile; fileRef = 8D60425C173BE60800149409 /* SEProject.m */; };
		8D604260173BE60800149409 /* SEProject.xib in Resources */ = {isa = PBXBuildFile; fileRef = 8D60425E173BE60800149409 /* SEProject.xib */; };
		8D604263173BE60800149409 /* MainMenu.xib in Resources */ = {isa = PBXBuildFile; fileRef = 8D604261173BE60800149409 /* MainMenu.xib */; };
		8D604292173C142A00149409 /* AppKit.framework in Frameworks */ = {isa = PBXBuildFile; fileRef = 8D60424C173BE60800149409 /* AppKit.framework */; };
		8D604293173C143300149409 /* Foundation.framework in Frameworks */ = {isa = PBXBuildFile; fileRef = 8D60424E173BE60800149409 /* Foundation.framework */; };
		8D604297173C22D600149409 /* SEREPLViewController.m in Sources */ = {isa = PBXBuildFile; fileRef = 8D604295173C22D600149409 /* SEREPLViewController.m */; };
		8D60FFE517EC58B600F14B50 /* Templates in Resources */ = {isa = PBXBuildFile; fileRef = 8D60FFE417EC58B600F14B50 /* Templates */; };
		8D68CC5D191FCE30004C727A /* SEImageView.m in Sources */ = {isa = PBXBuildFile; fileRef = 8D68CC5C191FCE30004C727A /* SEImageView.m */; };
		8D72C53618287B6400776B14 /* SEnREPLConnection.m in Sources */ = {isa = PBXBuildFile; fileRef = 8D72C53418287B6400776B14 /* SEnREPLConnection.m */; };
		8D7B0BEC181184910046403D /* OPBEncoder.m in Sources */ = {isa = PBXBuildFile; fileRef = 8D7B0BEB181184910046403D /* OPBEncoder.m */; };
		8D7E69571829E44300F320A9 /* SEnREPLConnection_Tests.m in Sources */ = {isa = PBXBuildFile; fileRef = 8D7E69561829E44300F320A9 /* SEnREPLConnection_Tests.m */; };
		8D8298D41758088100336E2F /* S-Explorer-support.scm in Resources */ = {isa = PBXBuildFile; fileRef = 8D8298D31758088000336E2F /* S-Explorer-support.scm */; };
		8D85E476182C8B190096C76E /* GCDAsyncSocket.m in Sources */ = {isa = PBXBuildFile; fileRef = 8D85E473182C8B190096C76E /* GCDAsyncSocket.m */; };
		8D85E479182C8C330096C76E /* Security.framework in Frameworks */ = {isa = PBXBuildFile; fileRef = 8D85E478182C8C330096C76E /* Security.framework */; };
		8D85E47C182C99FB0096C76E /* CFNetwork.framework in Frameworks */ = {isa = PBXBuildFile; fileRef = 8D85E47B182C99FB0096C76E /* CFNetwork.framework */; };
		8D85E47E182C9B140096C76E /* Security.framework in Frameworks */ = {isa = PBXBuildFile; fileRef = 8D85E478182C8C330096C76E /* Security.framework */; };
		8D85E47F182C9B1A0096C76E /* CFNetwork.framework in Frameworks */ = {isa = PBXBuildFile; fileRef = 8D85E47B182C99FB0096C76E /* CFNetwork.framework */; };
		8D88F641182FBC1F00AB1D35 /* SEnREPL.m in Sources */ = {isa = PBXBuildFile; fileRef = 8D88F63E182FBC1F00AB1D35 /* SEnREPL.m */; };
		8D88F642182FBC1F00AB1D35 /* SEnREPL.m in Sources */ = {isa = PBXBuildFile; fileRef = 8D88F63E182FBC1F00AB1D35 /* SEnREPL.m */; };
		8D8F9AF917EBEBDA00299D24 /* OPTabView.m in Sources */ = {isa = PBXBuildFile; fileRef = 8D8F9AF717EBEBDA00299D24 /* OPTabView.m */; };
		8D99612717BDB9740058FD0B /* SESourceEditorController.m in Sources */ = {isa = PBXBuildFile; fileRef = 8D99612617BDB9730058FD0B /* SESourceEditorController.m */; };
		8D99612B17BE42150058FD0B /* NSTimer-NoodleExtensions.m in Sources */ = {isa = PBXBuildFile; fileRef = 8D99612917BE41520058FD0B /* NSTimer-NoodleExtensions.m */; };
		8D99612F17BE42FF0058FD0B /* NoodleGlue.m in Sources */ = {isa = PBXBuildFile; fileRef = 8D99612D17BE42EC0058FD0B /* NoodleGlue.m */; };
		8D99613117C1C7DF0058FD0B /* CoreServices.framework in Frameworks */ = {isa = PBXBuildFile; fileRef = 8D99613017C1C7DF0058FD0B /* CoreServices.framework */; };
		8DB9855B17EA73E600DC72F8 /* SESavePanel.xib in Resources */ = {isa = PBXBuildFile; fileRef = 8DB9855A17EA73E600DC72F8 /* SESavePanel.xib */; };
		8DCBE48D17C76EBB00A872A7 /* NSColor+OPExtensions.m in Sources */ = {isa = PBXBuildFile; fileRef = 8DCBE48C17C76EBB00A872A7 /* NSColor+OPExtensions.m */; };
		8DCBE48F17C9B4CD00A872A7 /* scheme-indexer.scm in Resources */ = {isa = PBXBuildFile; fileRef = 8DCBE48E17C9B4CD00A872A7 /* scheme-indexer.scm */; };
		8DCBE8AE176F7918004B6AA2 /* NSDictionary+OPImmutablility.m in Sources */ = {isa = PBXBuildFile; fileRef = 8DCBE8AC176F7918004B6AA2 /* NSDictionary+OPImmutablility.m */; };
		8DD6BA971877562F00A88B99 /* SEREPLView.m in Sources */ = {isa = PBXBuildFile; fileRef = 8DD6BA961877562F00A88B99 /* SEREPLView.m */; };
		8DD87682187B761A000D4B8C /* SESourceTextViewController.m in Sources */ = {isa = PBXBuildFile; fileRef = 8DD87681187B761A000D4B8C /* SESourceTextViewController.m */; };
		8DD87685187E0B0F000D4B8C /* LVPathWatcher.m in Sources */ = {isa = PBXBuildFile; fileRef = 8DD87684187E0B0F000D4B8C /* LVPathWatcher.m */; };
		8DE762FD17FB669800CD0A42 /* r7rs-overview.pdf in Resources */ = {isa = PBXBuildFile; fileRef = 8DE762FC17FB669800CD0A42 /* r7rs-overview.pdf */; };
		8DE762FF17FB66A900CD0A42 /* r7rs-standard.pdf in Resources */ = {isa = PBXBuildFile; fileRef = 8DE762FE17FB66A900CD0A42 /* r7rs-standard.pdf */; };
		8DE794481937F38B0093DCCF /* folder.png in Resources */ = {isa = PBXBuildFile; fileRef = 8DE794461937F38B0093DCCF /* folder.png */; };
		8DE794491937F38B0093DCCF /* folder@2x.png in Resources */ = {isa = PBXBuildFile; fileRef = 8DE794471937F38B0093DCCF /* folder@2x.png */; };
		8DE7944C19380FE30093DCCF /* doc_clojure.png in Resources */ = {isa = PBXBuildFile; fileRef = 8DE7944B19380FE30093DCCF /* doc_clojure.png */; };
		8DE7944E193810640093DCCF /* doc_clojure.icns in Resources */ = {isa = PBXBuildFile; fileRef = 8DE7944D193810640093DCCF /* doc_clojure.icns */; };
		8DEB1AA217CF7BEC0088C7C1 /* README.md in Resources */ = {isa = PBXBuildFile; fileRef = 8DEB1AA117CF7BEC0088C7C1 /* README.md */; };
		8DEE2AC717D434EE005BEDD0 /* SEDocumentController.m in Sources */ = {isa = PBXBuildFile; fileRef = 8DEE2AC517D434EE005BEDD0 /* SEDocumentController.m */; };
		8DF3C39617CFA3D200C75197 /* OPUtilityFunctions.m in Sources */ = {isa = PBXBuildFile; fileRef = 8DF3C39517CFA3D200C75197 /* OPUtilityFunctions.m */; };
/* End PBXBuildFile section */

/* Begin PBXContainerItemProxy section */
		8D17FE3217EA72A000883285 /* PBXContainerItemProxy */ = {
			isa = PBXContainerItemProxy;
			containerPortal = 8D60423E173BE60800149409 /* Project object */;
			proxyType = 1;
			remoteGlobalIDString = 8D604245173BE60800149409;
			remoteInfo = "S-Explorer";
		};
/* End PBXContainerItemProxy section */

/* Begin PBXFileReference section */
		8D00FA911740D31B00E1AF90 /* NSAlert+OPBlocks.h */ = {isa = PBXFileReference; fileEncoding = 4; lastKnownFileType = sourcecode.c.h; path = "NSAlert+OPBlocks.h"; sourceTree = "<group>"; };
		8D00FA921740D31B00E1AF90 /* NSAlert+OPBlocks.m */ = {isa = PBXFileReference; fileEncoding = 4; lastKnownFileType = sourcecode.c.objc; path = "NSAlert+OPBlocks.m"; sourceTree = "<group>"; };
		8D0904C0176A7C4800176BCF /* SESourceItem.h */ = {isa = PBXFileReference; fileEncoding = 4; lastKnownFileType = sourcecode.c.h; path = SESourceItem.h; sourceTree = "<group>"; };
		8D0904C1176A7C4800176BCF /* SESourceItem.m */ = {isa = PBXFileReference; fileEncoding = 4; lastKnownFileType = sourcecode.c.objc; path = SESourceItem.m; sourceTree = "<group>"; };
		8D120D68176D2A3C0019577E /* PSMMetalTabStyle.h */ = {isa = PBXFileReference; lastKnownFileType = sourcecode.objj.h; path = PSMMetalTabStyle.h; sourceTree = "<group>"; };
		8D120D69176D2A3C0019577E /* PSMMetalTabStyle.m */ = {isa = PBXFileReference; lastKnownFileType = sourcecode.c.objc; path = PSMMetalTabStyle.m; sourceTree = "<group>"; };
		8D16399417C3B7A6000DD491 /* SESourceEditorTextView.h */ = {isa = PBXFileReference; fileEncoding = 4; lastKnownFileType = sourcecode.c.h; path = SESourceEditorTextView.h; sourceTree = "<group>"; };
		8D16399517C3B7A6000DD491 /* SESourceEditorTextView.m */ = {isa = PBXFileReference; fileEncoding = 4; lastKnownFileType = sourcecode.c.objc; path = SESourceEditorTextView.m; sourceTree = "<group>"; };
		8D16399717C57FAE000DD491 /* S-Explorer.iconset */ = {isa = PBXFileReference; lastKnownFileType = folder.iconset; name = "S-Explorer.iconset"; path = "Resources/S-Explorer.iconset"; sourceTree = "<group>"; };
		8D16399A17C6BC1D000DD491 /* SEApplicationDelegate.h */ = {isa = PBXFileReference; fileEncoding = 4; lastKnownFileType = sourcecode.c.h; path = SEApplicationDelegate.h; sourceTree = "<group>"; };
		8D16399B17C6BC1D000DD491 /* SEApplicationDelegate.m */ = {isa = PBXFileReference; fileEncoding = 4; lastKnownFileType = sourcecode.c.objc; path = SEApplicationDelegate.m; sourceTree = "<group>"; };
		8D179891193D4423002FA4AB /* XCTestAsync.h */ = {isa = PBXFileReference; fileEncoding = 4; lastKnownFileType = sourcecode.objj.h; path = XCTestAsync.h; sourceTree = "<group>"; };
		8D179892193D4423002FA4AB /* XCTestAsync.m */ = {isa = PBXFileReference; fileEncoding = 4; lastKnownFileType = sourcecode.c.objc; path = XCTestAsync.m; sourceTree = "<group>"; };
		8D17FE2617EA72A000883285 /* S-Explorer-Tests.xctest */ = {isa = PBXFileReference; explicitFileType = wrapper.cfbundle; includeInIndex = 0; path = "S-Explorer-Tests.xctest"; sourceTree = BUILT_PRODUCTS_DIR; };
		8D17FE2717EA72A000883285 /* XCTest.framework */ = {isa = PBXFileReference; lastKnownFileType = wrapper.framework; name = XCTest.framework; path = Library/Frameworks/XCTest.framework; sourceTree = DEVELOPER_DIR; };
		8D17FE2B17EA72A000883285 /* S-Explorer-Tests-Info.plist */ = {isa = PBXFileReference; lastKnownFileType = text.plist.xml; path = "S-Explorer-Tests-Info.plist"; sourceTree = "<group>"; };
		8D17FE2F17EA72A000883285 /* S_Explorer_Tests.m */ = {isa = PBXFileReference; lastKnownFileType = sourcecode.c.objc; path = S_Explorer_Tests.m; sourceTree = "<group>"; };
		8D17FE3117EA72A000883285 /* S-Explorer-Tests-Prefix.pch */ = {isa = PBXFileReference; lastKnownFileType = sourcecode.c.h; path = "S-Explorer-Tests-Prefix.pch"; sourceTree = "<group>"; };
		8D27BFF21766C59C00F1F8FA /* SESyntaxParser.h */ = {isa = PBXFileReference; fileEncoding = 4; lastKnownFileType = sourcecode.c.h; path = SESyntaxParser.h; sourceTree = "<group>"; };
		8D27BFF31766C59C00F1F8FA /* SESyntaxParser.m */ = {isa = PBXFileReference; fileEncoding = 4; lastKnownFileType = sourcecode.c.objc; path = SESyntaxParser.m; sourceTree = "<group>"; };
		8D2AAB65177A8E50008F07C4 /* NoodleLineNumberMarker.h */ = {isa = PBXFileReference; fileEncoding = 4; lastKnownFileType = sourcecode.objj.h; path = NoodleLineNumberMarker.h; sourceTree = "<group>"; };
		8D2AAB66177A8E50008F07C4 /* NoodleLineNumberMarker.m */ = {isa = PBXFileReference; fileEncoding = 4; lastKnownFileType = sourcecode.c.objc; path = NoodleLineNumberMarker.m; sourceTree = "<group>"; };
		8D2AAB67177A8E50008F07C4 /* NoodleLineNumberView.h */ = {isa = PBXFileReference; fileEncoding = 4; lastKnownFileType = sourcecode.objj.h; path = NoodleLineNumberView.h; sourceTree = "<group>"; };
		8D2AAB68177A8E50008F07C4 /* NoodleLineNumberView.m */ = {isa = PBXFileReference; fileEncoding = 4; lastKnownFileType = sourcecode.c.objc; path = NoodleLineNumberView.m; sourceTree = "<group>"; };
		8D2AAB6D177A93EB008F07C4 /* MarkerLineNumberView.h */ = {isa = PBXFileReference; fileEncoding = 4; lastKnownFileType = sourcecode.objj.h; path = MarkerLineNumberView.h; sourceTree = "<group>"; };
		8D2AAB6E177A93EB008F07C4 /* MarkerLineNumberView.m */ = {isa = PBXFileReference; fileEncoding = 4; lastKnownFileType = sourcecode.c.objc; path = MarkerLineNumberView.m; sourceTree = "<group>"; };
		8D31EE6B191FE5150054ADD8 /* OPImageTinting.m */ = {isa = PBXFileReference; fileEncoding = 4; lastKnownFileType = sourcecode.c.objc; path = OPImageTinting.m; sourceTree = "<group>"; };
		8D31EE6D191FE52C0054ADD8 /* OPImageTinting.h */ = {isa = PBXFileReference; fileEncoding = 4; lastKnownFileType = sourcecode.c.h; path = OPImageTinting.h; sourceTree = "<group>"; };
		8D470B9B18196DCA00C0C654 /* OPBEncoding_Tests.m */ = {isa = PBXFileReference; fileEncoding = 4; lastKnownFileType = sourcecode.c.objc; path = OPBEncoding_Tests.m; sourceTree = "<group>"; };
		8D4DF7E417F4587F00BC0773 /* OPCharFilterFormatter.h */ = {isa = PBXFileReference; fileEncoding = 4; lastKnownFileType = sourcecode.objj.h; path = OPCharFilterFormatter.h; sourceTree = "<group>"; };
		8D4DF7E517F4587F00BC0773 /* OPCharFilterFormatter.m */ = {isa = PBXFileReference; fileEncoding = 4; lastKnownFileType = sourcecode.c.objc; path = OPCharFilterFormatter.m; sourceTree = "<group>"; };
		8D4DF83217F5AAF600BC0773 /* chibi-repl-server.scm */ = {isa = PBXFileReference; explicitFileType = sourcecode.javascript; fileEncoding = 4; path = "chibi-repl-server.scm"; sourceTree = "<group>"; xcLanguageSpecificationIdentifier = xcode.lang.javascript; };
		8D59F73317F130F6001CEAE4 /* repl-server.scm */ = {isa = PBXFileReference; lastKnownFileType = text; path = "repl-server.scm"; sourceTree = "<group>"; };
		8D5C020318688E69007EBFAA /* Scratchpad.clj */ = {isa = PBXFileReference; fileEncoding = 4; lastKnownFileType = text; path = Scratchpad.clj; sourceTree = "<group>"; };
		8D5DD11717F6D13800E352FE /* NSView+OPCopying.h */ = {isa = PBXFileReference; fileEncoding = 4; lastKnownFileType = sourcecode.c.h; path = "NSView+OPCopying.h"; sourceTree = "<group>"; };
		8D5DD11817F6D13800E352FE /* NSView+OPCopying.m */ = {isa = PBXFileReference; fileEncoding = 4; lastKnownFileType = sourcecode.c.objc; path = "NSView+OPCopying.m"; sourceTree = "<group>"; };
		8D604246173BE60800149409 /* S-Explorer.app */ = {isa = PBXFileReference; explicitFileType = wrapper.application; includeInIndex = 0; path = "S-Explorer.app"; sourceTree = BUILT_PRODUCTS_DIR; };
		8D60424C173BE60800149409 /* AppKit.framework */ = {isa = PBXFileReference; lastKnownFileType = wrapper.framework; name = AppKit.framework; path = System/Library/Frameworks/AppKit.framework; sourceTree = SDKROOT; };
		8D60424E173BE60800149409 /* Foundation.framework */ = {isa = PBXFileReference; lastKnownFileType = wrapper.framework; name = Foundation.framework; path = System/Library/Frameworks/Foundation.framework; sourceTree = SDKROOT; };
		8D604251173BE60800149409 /* S-Explorer-Info.plist */ = {isa = PBXFileReference; lastKnownFileType = text.plist.xml; path = "S-Explorer-Info.plist"; sourceTree = "<group>"; };
		8D604253173BE60800149409 /* en */ = {isa = PBXFileReference; lastKnownFileType = text.plist.strings; name = en; path = en.lproj/InfoPlist.strings; sourceTree = "<group>"; };
		8D604255173BE60800149409 /* main.m */ = {isa = PBXFileReference; lastKnownFileType = sourcecode.c.objc; path = main.m; sourceTree = "<group>"; };
		8D604257173BE60800149409 /* S-Explorer-Prefix.pch */ = {isa = PBXFileReference; lastKnownFileType = sourcecode.c.h; path = "S-Explorer-Prefix.pch"; sourceTree = "<group>"; };
		8D604259173BE60800149409 /* en */ = {isa = PBXFileReference; lastKnownFileType = text.rtf; name = en; path = en.lproj/Credits.rtf; sourceTree = "<group>"; };
		8D60425B173BE60800149409 /* SEProject.h */ = {isa = PBXFileReference; lastKnownFileType = sourcecode.c.h; path = SEProject.h; sourceTree = "<group>"; };
		8D60425C173BE60800149409 /* SEProject.m */ = {isa = PBXFileReference; lastKnownFileType = sourcecode.c.objc; path = SEProject.m; sourceTree = "<group>"; };
		8D60425F173BE60800149409 /* en */ = {isa = PBXFileReference; lastKnownFileType = file.xib; name = en; path = en.lproj/SEProject.xib; sourceTree = "<group>"; };
		8D604262173BE60800149409 /* en */ = {isa = PBXFileReference; lastKnownFileType = file.xib; name = en; path = en.lproj/MainMenu.xib; sourceTree = "<group>"; };
		8D604294173C22D600149409 /* SEREPLViewController.h */ = {isa = PBXFileReference; fileEncoding = 4; lastKnownFileType = sourcecode.objj.h; path = SEREPLViewController.h; sourceTree = "<group>"; };
		8D604295173C22D600149409 /* SEREPLViewController.m */ = {isa = PBXFileReference; fileEncoding = 4; lastKnownFileType = sourcecode.c.objc; path = SEREPLViewController.m; sourceTree = "<group>"; };
		8D604298173C388900149409 /* SEREPLView.h */ = {isa = PBXFileReference; fileEncoding = 4; lastKnownFileType = sourcecode.c.h; path = SEREPLView.h; sourceTree = "<group>"; };
		8D60FFE417EC58B600F14B50 /* Templates */ = {isa = PBXFileReference; lastKnownFileType = folder; name = Templates; path = Resources/Templates; sourceTree = "<group>"; };
		8D68CC5B191FCE30004C727A /* SEImageView.h */ = {isa = PBXFileReference; fileEncoding = 4; lastKnownFileType = sourcecode.c.h; path = SEImageView.h; sourceTree = "<group>"; };
		8D68CC5C191FCE30004C727A /* SEImageView.m */ = {isa = PBXFileReference; fileEncoding = 4; lastKnownFileType = sourcecode.c.objc; path = SEImageView.m; sourceTree = "<group>"; };
		8D72C53318287B6400776B14 /* SEnREPLConnection.h */ = {isa = PBXFileReference; fileEncoding = 4; lastKnownFileType = sourcecode.c.h; path = SEnREPLConnection.h; sourceTree = "<group>"; };
		8D72C53418287B6400776B14 /* SEnREPLConnection.m */ = {isa = PBXFileReference; fileEncoding = 4; lastKnownFileType = sourcecode.c.objc; path = SEnREPLConnection.m; sourceTree = "<group>"; };
		8D7B0BEA181184910046403D /* OPBEncoder.h */ = {isa = PBXFileReference; fileEncoding = 4; lastKnownFileType = sourcecode.c.h; path = OPBEncoder.h; sourceTree = "<group>"; };
		8D7B0BEB181184910046403D /* OPBEncoder.m */ = {isa = PBXFileReference; fileEncoding = 4; lastKnownFileType = sourcecode.c.objc; path = OPBEncoder.m; sourceTree = "<group>"; };
		8D7E69561829E44300F320A9 /* SEnREPLConnection_Tests.m */ = {isa = PBXFileReference; fileEncoding = 4; lastKnownFileType = sourcecode.c.objc; name = SEnREPLConnection_Tests.m; path = "../S-Explorer/SEnREPLConnection_Tests.m"; sourceTree = "<group>"; };
		8D8298D31758088000336E2F /* S-Explorer-support.scm */ = {isa = PBXFileReference; fileEncoding = 4; lastKnownFileType = text; path = "S-Explorer-support.scm"; sourceTree = "<group>"; xcLanguageSpecificationIdentifier = xcode.lang.python; };
		8D85E472182C8B190096C76E /* GCDAsyncSocket.h */ = {isa = PBXFileReference; fileEncoding = 4; lastKnownFileType = sourcecode.objj.h; path = GCDAsyncSocket.h; sourceTree = "<group>"; };
		8D85E473182C8B190096C76E /* GCDAsyncSocket.m */ = {isa = PBXFileReference; fileEncoding = 4; lastKnownFileType = sourcecode.c.objc; path = GCDAsyncSocket.m; sourceTree = "<group>"; };
		8D85E478182C8C330096C76E /* Security.framework */ = {isa = PBXFileReference; lastKnownFileType = wrapper.framework; name = Security.framework; path = System/Library/Frameworks/Security.framework; sourceTree = SDKROOT; };
		8D85E47B182C99FB0096C76E /* CFNetwork.framework */ = {isa = PBXFileReference; lastKnownFileType = wrapper.framework; name = CFNetwork.framework; path = System/Library/Frameworks/CFNetwork.framework; sourceTree = SDKROOT; };
		8D88F63D182FBC1F00AB1D35 /* SEnREPL.h */ = {isa = PBXFileReference; fileEncoding = 4; lastKnownFileType = sourcecode.c.h; path = SEnREPL.h; sourceTree = "<group>"; };
		8D88F63E182FBC1F00AB1D35 /* SEnREPL.m */ = {isa = PBXFileReference; fileEncoding = 4; lastKnownFileType = sourcecode.c.objc; path = SEnREPL.m; sourceTree = "<group>"; };
		8D8F9AF617EBEBDA00299D24 /* OPTabView.h */ = {isa = PBXFileReference; fileEncoding = 4; lastKnownFileType = sourcecode.objj.h; path = OPTabView.h; sourceTree = "<group>"; };
		8D8F9AF717EBEBDA00299D24 /* OPTabView.m */ = {isa = PBXFileReference; fileEncoding = 4; lastKnownFileType = sourcecode.c.objc; path = OPTabView.m; sourceTree = "<group>"; };
		8D94C2451783AA8B00D8595B /* PseudoTTY.h */ = {isa = PBXFileReference; fileEncoding = 4; lastKnownFileType = sourcecode.c.h; path = PseudoTTY.h; sourceTree = "<group>"; };
		8D94C2461783AA8B00D8595B /* PseudoTTY.m */ = {isa = PBXFileReference; fileEncoding = 4; lastKnownFileType = sourcecode.c.objc; path = PseudoTTY.m; sourceTree = "<group>"; };
		8D99612517BDB9730058FD0B /* SESourceEditorController.h */ = {isa = PBXFileReference; fileEncoding = 4; lastKnownFileType = sourcecode.c.h; lineEnding = 0; path = SESourceEditorController.h; sourceTree = "<group>"; xcLanguageSpecificationIdentifier = xcode.lang.objcpp; };
		8D99612617BDB9730058FD0B /* SESourceEditorController.m */ = {isa = PBXFileReference; fileEncoding = 4; lastKnownFileType = sourcecode.c.objc; path = SESourceEditorController.m; sourceTree = "<group>"; };
		8D99612817BE41520058FD0B /* NSTimer-NoodleExtensions.h */ = {isa = PBXFileReference; fileEncoding = 4; lastKnownFileType = sourcecode.c.h; path = "NSTimer-NoodleExtensions.h"; sourceTree = "<group>"; };
		8D99612917BE41520058FD0B /* NSTimer-NoodleExtensions.m */ = {isa = PBXFileReference; fileEncoding = 4; lastKnownFileType = sourcecode.c.objc; path = "NSTimer-NoodleExtensions.m"; sourceTree = "<group>"; };
		8D99612C17BE42EB0058FD0B /* NoodleGlue.h */ = {isa = PBXFileReference; fileEncoding = 4; lastKnownFileType = sourcecode.c.h; path = NoodleGlue.h; sourceTree = "<group>"; };
		8D99612D17BE42EC0058FD0B /* NoodleGlue.m */ = {isa = PBXFileReference; fileEncoding = 4; lastKnownFileType = sourcecode.c.objc; path = NoodleGlue.m; sourceTree = "<group>"; };
		8D99613017C1C7DF0058FD0B /* CoreServices.framework */ = {isa = PBXFileReference; lastKnownFileType = wrapper.framework; name = CoreServices.framework; path = System/Library/Frameworks/CoreServices.framework; sourceTree = SDKROOT; };
		8DB9855A17EA73E600DC72F8 /* SESavePanel.xib */ = {isa = PBXFileReference; fileEncoding = 4; lastKnownFileType = file.xib; path = SESavePanel.xib; sourceTree = "<group>"; };
		8DCBE48B17C76EBB00A872A7 /* NSColor+OPExtensions.h */ = {isa = PBXFileReference; fileEncoding = 4; lastKnownFileType = sourcecode.c.h; path = "NSColor+OPExtensions.h"; sourceTree = "<group>"; };
		8DCBE48C17C76EBB00A872A7 /* NSColor+OPExtensions.m */ = {isa = PBXFileReference; fileEncoding = 4; lastKnownFileType = sourcecode.c.objc; path = "NSColor+OPExtensions.m"; sourceTree = "<group>"; };
		8DCBE48E17C9B4CD00A872A7 /* scheme-indexer.scm */ = {isa = PBXFileReference; explicitFileType = text.plist; fileEncoding = 4; path = "scheme-indexer.scm"; sourceTree = "<group>"; };
		8DCBE8AB176F7918004B6AA2 /* NSDictionary+OPImmutablility.h */ = {isa = PBXFileReference; fileEncoding = 4; lastKnownFileType = sourcecode.objj.h; path = "NSDictionary+OPImmutablility.h"; sourceTree = "<group>"; };
		8DCBE8AC176F7918004B6AA2 /* NSDictionary+OPImmutablility.m */ = {isa = PBXFileReference; fileEncoding = 4; lastKnownFileType = sourcecode.c.objc; path = "NSDictionary+OPImmutablility.m"; sourceTree = "<group>"; };
		8DD6BA961877562F00A88B99 /* SEREPLView.m */ = {isa = PBXFileReference; fileEncoding = 4; lastKnownFileType = sourcecode.c.objc; path = SEREPLView.m; sourceTree = "<group>"; };
		8DD87680187B761A000D4B8C /* SESourceTextViewController.h */ = {isa = PBXFileReference; fileEncoding = 4; lastKnownFileType = sourcecode.c.h; path = SESourceTextViewController.h; sourceTree = "<group>"; };
		8DD87681187B761A000D4B8C /* SESourceTextViewController.m */ = {isa = PBXFileReference; fileEncoding = 4; lastKnownFileType = sourcecode.c.objc; path = SESourceTextViewController.m; sourceTree = "<group>"; };
		8DD87683187E0B0F000D4B8C /* LVPathWatcher.h */ = {isa = PBXFileReference; fileEncoding = 4; lastKnownFileType = sourcecode.c.h; path = LVPathWatcher.h; sourceTree = "<group>"; };
		8DD87684187E0B0F000D4B8C /* LVPathWatcher.m */ = {isa = PBXFileReference; fileEncoding = 4; lastKnownFileType = sourcecode.c.objc; path = LVPathWatcher.m; sourceTree = "<group>"; };
		8DE762FC17FB669800CD0A42 /* r7rs-overview.pdf */ = {isa = PBXFileReference; lastKnownFileType = image.pdf; path = "r7rs-overview.pdf"; sourceTree = "<group>"; };
		8DE762FE17FB66A900CD0A42 /* r7rs-standard.pdf */ = {isa = PBXFileReference; lastKnownFileType = image.pdf; path = "r7rs-standard.pdf"; sourceTree = "<group>"; };
		8DE794461937F38B0093DCCF /* folder.png */ = {isa = PBXFileReference; lastKnownFileType = image.png; path = folder.png; sourceTree = "<group>"; };
		8DE794471937F38B0093DCCF /* folder@2x.png */ = {isa = PBXFileReference; lastKnownFileType = image.png; path = "folder@2x.png"; sourceTree = "<group>"; };
		8DE7944A1937F5750093DCCF /* S-Explorer.entitlements */ = {isa = PBXFileReference; lastKnownFileType = text.xml; path = "S-Explorer.entitlements"; sourceTree = "<group>"; };
		8DE7944B19380FE30093DCCF /* doc_clojure.png */ = {isa = PBXFileReference; lastKnownFileType = image.png; path = doc_clojure.png; sourceTree = "<group>"; };
		8DE7944D193810640093DCCF /* doc_clojure.icns */ = {isa = PBXFileReference; lastKnownFileType = image.icns; path = doc_clojure.icns; sourceTree = "<group>"; };
		8DEB1AA117CF7BEC0088C7C1 /* README.md */ = {isa = PBXFileReference; fileEncoding = 4; lastKnownFileType = text; name = README.md; path = "S-Explorer/README.md"; sourceTree = "<group>"; };
		8DEE2AC417D434EE005BEDD0 /* SEDocumentController.h */ = {isa = PBXFileReference; fileEncoding = 4; lastKnownFileType = sourcecode.objj.h; path = SEDocumentController.h; sourceTree = "<group>"; };
		8DEE2AC517D434EE005BEDD0 /* SEDocumentController.m */ = {isa = PBXFileReference; fileEncoding = 4; lastKnownFileType = sourcecode.c.objc; path = SEDocumentController.m; sourceTree = "<group>"; };
		8DF3C39417CFA3D200C75197 /* OPUtilityFunctions.h */ = {isa = PBXFileReference; fileEncoding = 4; lastKnownFileType = sourcecode.c.h; path = OPUtilityFunctions.h; sourceTree = "<group>"; };
		8DF3C39517CFA3D200C75197 /* OPUtilityFunctions.m */ = {isa = PBXFileReference; fileEncoding = 4; lastKnownFileType = sourcecode.c.objc; path = OPUtilityFunctions.m; sourceTree = "<group>"; };
/* End PBXFileReference section */

/* Begin PBXFrameworksBuildPhase section */
		8D17FE2317EA72A000883285 /* Frameworks */ = {
			isa = PBXFrameworksBuildPhase;
			buildActionMask = 2147483647;
			files = (
				8D85E47F182C9B1A0096C76E /* CFNetwork.framework in Frameworks */,
				8D85E47E182C9B140096C76E /* Security.framework in Frameworks */,
				8D17FE2817EA72A000883285 /* XCTest.framework in Frameworks */,
			);
			runOnlyForDeploymentPostprocessing = 0;
		};
		8D604243173BE60800149409 /* Frameworks */ = {
			isa = PBXFrameworksBuildPhase;
			buildActionMask = 2147483647;
			files = (
				8D85E47C182C99FB0096C76E /* CFNetwork.framework in Frameworks */,
				8D85E479182C8C330096C76E /* Security.framework in Frameworks */,
				8D99613117C1C7DF0058FD0B /* CoreServices.framework in Frameworks */,
				8D604293173C143300149409 /* Foundation.framework in Frameworks */,
				8D604292173C142A00149409 /* AppKit.framework in Frameworks */,
			);
			runOnlyForDeploymentPostprocessing = 0;
		};
/* End PBXFrameworksBuildPhase section */

/* Begin PBXGroup section */
		8D16399D17C6BC51000DD491 /* NoodleLineNumberView */ = {
			isa = PBXGroup;
			children = (
				8D99612C17BE42EB0058FD0B /* NoodleGlue.h */,
				8D99612D17BE42EC0058FD0B /* NoodleGlue.m */,
				8D2AAB65177A8E50008F07C4 /* NoodleLineNumberMarker.h */,
				8D2AAB66177A8E50008F07C4 /* NoodleLineNumberMarker.m */,
				8D2AAB6D177A93EB008F07C4 /* MarkerLineNumberView.h */,
				8D2AAB6E177A93EB008F07C4 /* MarkerLineNumberView.m */,
				8D2AAB67177A8E50008F07C4 /* NoodleLineNumberView.h */,
				8D2AAB68177A8E50008F07C4 /* NoodleLineNumberView.m */,
				8D99612817BE41520058FD0B /* NSTimer-NoodleExtensions.h */,
				8D99612917BE41520058FD0B /* NSTimer-NoodleExtensions.m */,
			);
			name = NoodleLineNumberView;
			sourceTree = "<group>";
		};
		8D17FE2917EA72A000883285 /* S-Explorer-Tests */ = {
			isa = PBXGroup;
			children = (
				8D179891193D4423002FA4AB /* XCTestAsync.h */,
				8D179892193D4423002FA4AB /* XCTestAsync.m */,
				8D17FE2F17EA72A000883285 /* S_Explorer_Tests.m */,
				8D470B9B18196DCA00C0C654 /* OPBEncoding_Tests.m */,
				8D7E69561829E44300F320A9 /* SEnREPLConnection_Tests.m */,
				8D17FE2A17EA72A000883285 /* Supporting Files */,
			);
			path = "S-Explorer-Tests";
			sourceTree = "<group>";
		};
		8D17FE2A17EA72A000883285 /* Supporting Files */ = {
			isa = PBXGroup;
			children = (
				8D17FE2B17EA72A000883285 /* S-Explorer-Tests-Info.plist */,
				8D17FE3117EA72A000883285 /* S-Explorer-Tests-Prefix.pch */,
			);
			name = "Supporting Files";
			sourceTree = "<group>";
		};
		8D60423D173BE60800149409 = {
			isa = PBXGroup;
			children = (
				8DEB1AA117CF7BEC0088C7C1 /* README.md */,
				8D60424F173BE60800149409 /* S-Explorer */,
				8D604250173BE60800149409 /* Supporting Files */,
				8D17FE2917EA72A000883285 /* S-Explorer-Tests */,
				8D604248173BE60800149409 /* Frameworks */,
				8D604247173BE60800149409 /* Products */,
			);
			sourceTree = "<group>";
		};
		8D604247173BE60800149409 /* Products */ = {
			isa = PBXGroup;
			children = (
				8D604246173BE60800149409 /* S-Explorer.app */,
				8D17FE2617EA72A000883285 /* S-Explorer-Tests.xctest */,
			);
			name = Products;
			sourceTree = "<group>";
		};
		8D604248173BE60800149409 /* Frameworks */ = {
			isa = PBXGroup;
			children = (
				8D85E47B182C99FB0096C76E /* CFNetwork.framework */,
				8D85E478182C8C330096C76E /* Security.framework */,
				8D99613017C1C7DF0058FD0B /* CoreServices.framework */,
				8D60424C173BE60800149409 /* AppKit.framework */,
				8D60424E173BE60800149409 /* Foundation.framework */,
				8D17FE2717EA72A000883285 /* XCTest.framework */,
			);
			name = Frameworks;
			sourceTree = "<group>";
		};
		8D60424F173BE60800149409 /* S-Explorer */ = {
			isa = PBXGroup;
			children = (
				8DE7944A1937F5750093DCCF /* S-Explorer.entitlements */,
				8D85E471182C8AF60096C76E /* Vendor */,
				8D8F9AFA17EBEF8300299D24 /* Resources */,
				8DCBE48A17C76DDF00A872A7 /* Helpers */,
				8D16399D17C6BC51000DD491 /* NoodleLineNumberView */,
				8D16399A17C6BC1D000DD491 /* SEApplicationDelegate.h */,
				8D16399B17C6BC1D000DD491 /* SEApplicationDelegate.m */,
				8D604261173BE60800149409 /* MainMenu.xib */,
				8D8298D31758088000336E2F /* S-Explorer-support.scm */,
				8D4DF83217F5AAF600BC0773 /* chibi-repl-server.scm */,
				8D59F73317F130F6001CEAE4 /* repl-server.scm */,
				8D60425B173BE60800149409 /* SEProject.h */,
				8D60425C173BE60800149409 /* SEProject.m */,
				8D60425E173BE60800149409 /* SEProject.xib */,
				8D16399417C3B7A6000DD491 /* SESourceEditorTextView.h */,
				8D16399517C3B7A6000DD491 /* SESourceEditorTextView.m */,
				8DD87680187B761A000D4B8C /* SESourceTextViewController.h */,
				8DD87681187B761A000D4B8C /* SESourceTextViewController.m */,
				8D99612517BDB9730058FD0B /* SESourceEditorController.h */,
				8D99612617BDB9730058FD0B /* SESourceEditorController.m */,
				8D27BFF21766C59C00F1F8FA /* SESyntaxParser.h */,
				8D27BFF31766C59C00F1F8FA /* SESyntaxParser.m */,
				8D0904C0176A7C4800176BCF /* SESourceItem.h */,
				8D0904C1176A7C4800176BCF /* SESourceItem.m */,
				8D120D68176D2A3C0019577E /* PSMMetalTabStyle.h */,
				8D120D69176D2A3C0019577E /* PSMMetalTabStyle.m */,
				8DCBE48E17C9B4CD00A872A7 /* scheme-indexer.scm */,
				8DEE2AC417D434EE005BEDD0 /* SEDocumentController.h */,
				8DEE2AC517D434EE005BEDD0 /* SEDocumentController.m */,
				8DB9855A17EA73E600DC72F8 /* SESavePanel.xib */,
				8D604298173C388900149409 /* SEREPLView.h */,
				8DD6BA961877562F00A88B99 /* SEREPLView.m */,
				8D604294173C22D600149409 /* SEREPLViewController.h */,
				8D604295173C22D600149409 /* SEREPLViewController.m */,
				8D88F63D182FBC1F00AB1D35 /* SEnREPL.h */,
				8D88F63E182FBC1F00AB1D35 /* SEnREPL.m */,
				8D72C53318287B6400776B14 /* SEnREPLConnection.h */,
				8D72C53418287B6400776B14 /* SEnREPLConnection.m */,
				8D5C020318688E69007EBFAA /* Scratchpad.clj */,
			);
			path = "S-Explorer";
			sourceTree = "<group>";
		};
		8D604250173BE60800149409 /* Supporting Files */ = {
			isa = PBXGroup;
			children = (
				8D16399717C57FAE000DD491 /* S-Explorer.iconset */,
				8D604251173BE60800149409 /* S-Explorer-Info.plist */,
				8D604252173BE60800149409 /* InfoPlist.strings */,
				8D604255173BE60800149409 /* main.m */,
				8D604257173BE60800149409 /* S-Explorer-Prefix.pch */,
				8D604258173BE60800149409 /* Credits.rtf */,
			);
			name = "Supporting Files";
			path = "S-Explorer";
			sourceTree = "<group>";
		};
		8D85E471182C8AF60096C76E /* Vendor */ = {
			isa = PBXGroup;
			children = (
				8D85E472182C8B190096C76E /* GCDAsyncSocket.h */,
				8D85E473182C8B190096C76E /* GCDAsyncSocket.m */,
			);
			name = Vendor;
			sourceTree = "<group>";
		};
		8D8F9AFA17EBEF8300299D24 /* Resources */ = {
			isa = PBXGroup;
			children = (
				8DE794461937F38B0093DCCF /* folder.png */,
				8DE794471937F38B0093DCCF /* folder@2x.png */,
				8DE7944B19380FE30093DCCF /* doc_clojure.png */,
				8DE7944D193810640093DCCF /* doc_clojure.icns */,
				8DE762FC17FB669800CD0A42 /* r7rs-overview.pdf */,
				8DE762FE17FB66A900CD0A42 /* r7rs-standard.pdf */,
				8D60FFE417EC58B600F14B50 /* Templates */,
			);
			name = Resources;
			sourceTree = "<group>";
		};
		8DCBE48A17C76DDF00A872A7 /* Helpers */ = {
			isa = PBXGroup;
			children = (
				8DD87683187E0B0F000D4B8C /* LVPathWatcher.h */,
				8DD87684187E0B0F000D4B8C /* LVPathWatcher.m */,
				8D00FA911740D31B00E1AF90 /* NSAlert+OPBlocks.h */,
				8D00FA921740D31B00E1AF90 /* NSAlert+OPBlocks.m */,
				8DCBE8AB176F7918004B6AA2 /* NSDictionary+OPImmutablility.h */,
				8DCBE8AC176F7918004B6AA2 /* NSDictionary+OPImmutablility.m */,
				8D94C2451783AA8B00D8595B /* PseudoTTY.h */,
				8D94C2461783AA8B00D8595B /* PseudoTTY.m */,
				8DCBE48B17C76EBB00A872A7 /* NSColor+OPExtensions.h */,
				8DCBE48C17C76EBB00A872A7 /* NSColor+OPExtensions.m */,
				8DF3C39417CFA3D200C75197 /* OPUtilityFunctions.h */,
				8DF3C39517CFA3D200C75197 /* OPUtilityFunctions.m */,
				8D8F9AF617EBEBDA00299D24 /* OPTabView.h */,
				8D8F9AF717EBEBDA00299D24 /* OPTabView.m */,
				8D4DF7E417F4587F00BC0773 /* OPCharFilterFormatter.h */,
				8D4DF7E517F4587F00BC0773 /* OPCharFilterFormatter.m */,
				8D5DD11717F6D13800E352FE /* NSView+OPCopying.h */,
				8D5DD11817F6D13800E352FE /* NSView+OPCopying.m */,
				8D7B0BEA181184910046403D /* OPBEncoder.h */,
				8D7B0BEB181184910046403D /* OPBEncoder.m */,
				8D68CC5B191FCE30004C727A /* SEImageView.h */,
				8D68CC5C191FCE30004C727A /* SEImageView.m */,
				8D31EE6D191FE52C0054ADD8 /* OPImageTinting.h */,
				8D31EE6B191FE5150054ADD8 /* OPImageTinting.m */,
			);
			name = Helpers;
			sourceTree = "<group>";
		};
/* End PBXGroup section */

/* Begin PBXNativeTarget section */
		8D17FE2517EA72A000883285 /* S-Explorer-Tests */ = {
			isa = PBXNativeTarget;
			buildConfigurationList = 8D17FE3417EA72A000883285 /* Build configuration list for PBXNativeTarget "S-Explorer-Tests" */;
			buildPhases = (
				8D17FE2217EA72A000883285 /* Sources */,
				8D17FE2317EA72A000883285 /* Frameworks */,
				8D17FE2417EA72A000883285 /* Resources */,
			);
			buildRules = (
			);
			dependencies = (
				8D17FE3317EA72A000883285 /* PBXTargetDependency */,
			);
			name = "S-Explorer-Tests";
			productName = "S-Explorer-Tests";
			productReference = 8D17FE2617EA72A000883285 /* S-Explorer-Tests.xctest */;
			productType = "com.apple.product-type.bundle.unit-test";
		};
		8D604245173BE60800149409 /* S-Explorer */ = {
			isa = PBXNativeTarget;
			buildConfigurationList = 8D60427A173BE60900149409 /* Build configuration list for PBXNativeTarget "S-Explorer" */;
			buildPhases = (
				8D604242173BE60800149409 /* Sources */,
				8D604243173BE60800149409 /* Frameworks */,
				8D604244173BE60800149409 /* Resources */,
			);
			buildRules = (
			);
			dependencies = (
			);
			name = "S-Explorer";
			productName = "S-Explorer";
			productReference = 8D604246173BE60800149409 /* S-Explorer.app */;
			productType = "com.apple.product-type.application";
		};
/* End PBXNativeTarget section */

/* Begin PBXProject section */
		8D60423E173BE60800149409 /* Project object */ = {
			isa = PBXProject;
			attributes = {
				CLASSPREFIX = SE;
				LastUpgradeCheck = 0510;
				ORGANIZATIONNAME = Cocoanuts;
				TargetAttributes = {
					8D17FE2517EA72A000883285 = {
						TestTargetID = 8D604245173BE60800149409;
					};
					8D604245173BE60800149409 = {
						SystemCapabilities = {
							com.apple.Sandbox = {
								enabled = 0;
							};
						};
					};
				};
			};
			buildConfigurationList = 8D604241173BE60800149409 /* Build configuration list for PBXProject "S-Explorer" */;
			compatibilityVersion = "Xcode 3.2";
			developmentRegion = English;
			hasScannedForEncodings = 0;
			knownRegions = (
				en,
			);
			mainGroup = 8D60423D173BE60800149409;
			productRefGroup = 8D604247173BE60800149409 /* Products */;
			projectDirPath = "";
			projectRoot = "";
			targets = (
				8D604245173BE60800149409 /* S-Explorer */,
				8D17FE2517EA72A000883285 /* S-Explorer-Tests */,
			);
		};
/* End PBXProject section */

/* Begin PBXResourcesBuildPhase section */
		8D17FE2417EA72A000883285 /* Resources */ = {
			isa = PBXResourcesBuildPhase;
			buildActionMask = 2147483647;
			files = (
			);
			runOnlyForDeploymentPostprocessing = 0;
		};
		8D604244173BE60800149409 /* Resources */ = {
			isa = PBXResourcesBuildPhase;
			buildActionMask = 2147483647;
			files = (
				8D60FFE517EC58B600F14B50 /* Templates in Resources */,
				8D604254173BE60800149409 /* InfoPlist.strings in Resources */,
				8D60425A173BE60800149409 /* Credits.rtf in Resources */,
				8DE762FD17FB669800CD0A42 /* r7rs-overview.pdf in Resources */,
				8D604260173BE60800149409 /* SEProject.xib in Resources */,
				8D604263173BE60800149409 /* MainMenu.xib in Resources */,
				8DB9855B17EA73E600DC72F8 /* SESavePanel.xib in Resources */,
				8D8298D41758088100336E2F /* S-Explorer-support.scm in Resources */,
				8D16399817C57FAE000DD491 /* S-Explorer.iconset in Resources */,
				8DE794491937F38B0093DCCF /* folder@2x.png in Resources */,
				8DE7944E193810640093DCCF /* doc_clojure.icns in Resources */,
				8DCBE48F17C9B4CD00A872A7 /* scheme-indexer.scm in Resources */,
				8D5C020418688E69007EBFAA /* Scratchpad.clj in Resources */,
				8DE762FF17FB66A900CD0A42 /* r7rs-standard.pdf in Resources */,
				8D4DF83317F5AAF600BC0773 /* chibi-repl-server.scm in Resources */,
				8DEB1AA217CF7BEC0088C7C1 /* README.md in Resources */,
				8DE7944C19380FE30093DCCF /* doc_clojure.png in Resources */,
				8DE794481937F38B0093DCCF /* folder.png in Resources */,
			);
			runOnlyForDeploymentPostprocessing = 0;
		};
/* End PBXResourcesBuildPhase section */

/* Begin PBXSourcesBuildPhase section */
		8D17FE2217EA72A000883285 /* Sources */ = {
			isa = PBXSourcesBuildPhase;
			buildActionMask = 2147483647;
			files = (
				8D179893193D4423002FA4AB /* XCTestAsync.h in Sources */,
				8D88F642182FBC1F00AB1D35 /* SEnREPL.m in Sources */,
				8D179894193D4423002FA4AB /* XCTestAsync.m in Sources */,
				8D470B9C18196DCA00C0C654 /* OPBEncoding_Tests.m in Sources */,
				8D7E69571829E44300F320A9 /* SEnREPLConnection_Tests.m in Sources */,
			);
			runOnlyForDeploymentPostprocessing = 0;
		};
		8D604242173BE60800149409 /* Sources */ = {
			isa = PBXSourcesBuildPhase;
			buildActionMask = 2147483647;
			files = (
				8D604256173BE60800149409 /* main.m in Sources */,
				8D60425D173BE60800149409 /* SEProject.m in Sources */,
				8D68CC5D191FCE30004C727A /* SEImageView.m in Sources */,
				8D604297173C22D600149409 /* SEREPLViewController.m in Sources */,
				8D00FA931740D31B00E1AF90 /* NSAlert+OPBlocks.m in Sources */,
				8D27BFF51766C59D00F1F8FA /* SESyntaxParser.m in Sources */,
				8D0904C2176A7C4800176BCF /* SESourceItem.m in Sources */,
				8D31EE6C191FE5150054ADD8 /* OPImageTinting.m in Sources */,
				8D8F9AF917EBEBDA00299D24 /* OPTabView.m in Sources */,
				8DD87685187E0B0F000D4B8C /* LVPathWatcher.m in Sources */,
				8DCBE8AE176F7918004B6AA2 /* NSDictionary+OPImmutablility.m in Sources */,
				8D2AAB6C177A8E50008F07C4 /* NoodleLineNumberView.m in Sources */,
				8D2AAB71177A94A8008F07C4 /* NoodleLineNumberMarker.m in Sources */,
				8D99612717BDB9740058FD0B /* SESourceEditorController.m in Sources */,
				8D99612B17BE42150058FD0B /* NSTimer-NoodleExtensions.m in Sources */,
				8D85E476182C8B190096C76E /* GCDAsyncSocket.m in Sources */,
				8DD87682187B761A000D4B8C /* SESourceTextViewController.m in Sources */,
				8D99612F17BE42FF0058FD0B /* NoodleGlue.m in Sources */,
				8DD6BA971877562F00A88B99 /* SEREPLView.m in Sources */,
				8D5DD11917F6D13800E352FE /* NSView+OPCopying.m in Sources */,
				8D72C53618287B6400776B14 /* SEnREPLConnection.m in Sources */,
				8D16399617C3B7A6000DD491 /* SESourceEditorTextView.m in Sources */,
				8D16399C17C6BC1D000DD491 /* SEApplicationDelegate.m in Sources */,
				8DCBE48D17C76EBB00A872A7 /* NSColor+OPExtensions.m in Sources */,
				8D4DF7E717F4587F00BC0773 /* OPCharFilterFormatter.m in Sources */,
				8DF3C39617CFA3D200C75197 /* OPUtilityFunctions.m in Sources */,
				8D7B0BEC181184910046403D /* OPBEncoder.m in Sources */,
				8DEE2AC717D434EE005BEDD0 /* SEDocumentController.m in Sources */,
				8D88F641182FBC1F00AB1D35 /* SEnREPL.m in Sources */,
				8D16FB5C19491FDE00DF9F91 /* PseudoTTY.m in Sources */,
			);
			runOnlyForDeploymentPostprocessing = 0;
		};
/* End PBXSourcesBuildPhase section */

/* Begin PBXTargetDependency section */
		8D17FE3317EA72A000883285 /* PBXTargetDependency */ = {
			isa = PBXTargetDependency;
			target = 8D604245173BE60800149409 /* S-Explorer */;
			targetProxy = 8D17FE3217EA72A000883285 /* PBXContainerItemProxy */;
		};
/* End PBXTargetDependency section */

/* Begin PBXVariantGroup section */
		8D604252173BE60800149409 /* InfoPlist.strings */ = {
			isa = PBXVariantGroup;
			children = (
				8D604253173BE60800149409 /* en */,
			);
			name = InfoPlist.strings;
			sourceTree = "<group>";
		};
		8D604258173BE60800149409 /* Credits.rtf */ = {
			isa = PBXVariantGroup;
			children = (
				8D604259173BE60800149409 /* en */,
			);
			name = Credits.rtf;
			sourceTree = "<group>";
		};
		8D60425E173BE60800149409 /* SEProject.xib */ = {
			isa = PBXVariantGroup;
			children = (
				8D60425F173BE60800149409 /* en */,
			);
			name = SEProject.xib;
			sourceTree = "<group>";
		};
		8D604261173BE60800149409 /* MainMenu.xib */ = {
			isa = PBXVariantGroup;
			children = (
				8D604262173BE60800149409 /* en */,
			);
			name = MainMenu.xib;
			sourceTree = "<group>";
		};
/* End PBXVariantGroup section */

/* Begin XCBuildConfiguration section */
		8D17FE3517EA72A000883285 /* Debug */ = {
			isa = XCBuildConfiguration;
			buildSettings = {
				BUNDLE_LOADER = "$(BUILT_PRODUCTS_DIR)/S-Explorer.app/Contents/MacOS/S-Explorer";
				CLANG_WARN_BOOL_CONVERSION = YES;
				CLANG_WARN_DIRECT_OBJC_ISA_USAGE = YES_ERROR;
				CLANG_WARN_OBJC_ROOT_CLASS = YES_ERROR;
				COMBINE_HIDPI_IMAGES = YES;
				FRAMEWORK_SEARCH_PATHS = (
					"$(DEVELOPER_FRAMEWORKS_DIR)",
					"$(inherited)",
				);
				GCC_PRECOMPILE_PREFIX_HEADER = YES;
				GCC_PREFIX_HEADER = "S-Explorer-Tests/S-Explorer-Tests-Prefix.pch";
				GCC_PREPROCESSOR_DEFINITIONS = (
					"DEBUG=1",
					"$(inherited)",
				);
				GCC_WARN_ABOUT_RETURN_TYPE = YES_ERROR;
				GCC_WARN_UNDECLARED_SELECTOR = YES;
				GCC_WARN_UNUSED_FUNCTION = YES;
				INFOPLIST_FILE = "S-Explorer-Tests/S-Explorer-Tests-Info.plist";
				PRODUCT_NAME = "$(TARGET_NAME)";
				TEST_HOST = "$(BUNDLE_LOADER)";
				WRAPPER_EXTENSION = xctest;
			};
			name = Debug;
		};
		8D17FE3617EA72A000883285 /* Release */ = {
			isa = XCBuildConfiguration;
			buildSettings = {
				BUNDLE_LOADER = "$(BUILT_PRODUCTS_DIR)/S-Explorer.app/Contents/MacOS/S-Explorer";
				CLANG_WARN_BOOL_CONVERSION = YES;
				CLANG_WARN_DIRECT_OBJC_ISA_USAGE = YES_ERROR;
				CLANG_WARN_OBJC_ROOT_CLASS = YES_ERROR;
				COMBINE_HIDPI_IMAGES = YES;
				ENABLE_NS_ASSERTIONS = NO;
				FRAMEWORK_SEARCH_PATHS = (
					"$(DEVELOPER_FRAMEWORKS_DIR)",
					"$(inherited)",
				);
				GCC_PRECOMPILE_PREFIX_HEADER = YES;
				GCC_PREFIX_HEADER = "S-Explorer-Tests/S-Explorer-Tests-Prefix.pch";
				GCC_WARN_ABOUT_RETURN_TYPE = YES_ERROR;
				GCC_WARN_UNDECLARED_SELECTOR = YES;
				GCC_WARN_UNUSED_FUNCTION = YES;
				INFOPLIST_FILE = "S-Explorer-Tests/S-Explorer-Tests-Info.plist";
				PRODUCT_NAME = "$(TARGET_NAME)";
				TEST_HOST = "$(BUNDLE_LOADER)";
				WRAPPER_EXTENSION = xctest;
			};
			name = Release;
		};
		8D604278173BE60900149409 /* Debug */ = {
			isa = XCBuildConfiguration;
			buildSettings = {
				ALWAYS_SEARCH_USER_PATHS = NO;
				CLANG_CXX_LANGUAGE_STANDARD = "gnu++0x";
				CLANG_CXX_LIBRARY = "libc++";
				CLANG_ENABLE_OBJC_ARC = YES;
				CLANG_WARN_CONSTANT_CONVERSION = YES;
				CLANG_WARN_EMPTY_BODY = YES;
				CLANG_WARN_ENUM_CONVERSION = YES;
				CLANG_WARN_INT_CONVERSION = YES;
				CLANG_WARN__DUPLICATE_METHOD_MATCH = YES;
				COPY_PHASE_STRIP = NO;
				GCC_C_LANGUAGE_STANDARD = gnu99;
				GCC_DYNAMIC_NO_PIC = NO;
				GCC_ENABLE_CPP_RTTI = NO;
				GCC_ENABLE_OBJC_EXCEPTIONS = YES;
				GCC_OPTIMIZATION_LEVEL = 0;
				GCC_PREPROCESSOR_DEFINITIONS = (
					"DEBUG=1",
					"$(inherited)",
				);
				GCC_SYMBOLS_PRIVATE_EXTERN = NO;
				GCC_WARN_64_TO_32_BIT_CONVERSION = YES;
				GCC_WARN_ABOUT_RETURN_TYPE = YES;
				GCC_WARN_UNINITIALIZED_AUTOS = YES;
				GCC_WARN_UNUSED_VARIABLE = YES;
				MACOSX_DEPLOYMENT_TARGET = 10.8;
				ONLY_ACTIVE_ARCH = YES;
				SDKROOT = macosx;
			};
			name = Debug;
		};
		8D604279173BE60900149409 /* Release */ = {
			isa = XCBuildConfiguration;
			buildSettings = {
				ALWAYS_SEARCH_USER_PATHS = NO;
				CLANG_CXX_LANGUAGE_STANDARD = "gnu++0x";
				CLANG_CXX_LIBRARY = "libc++";
				CLANG_ENABLE_OBJC_ARC = YES;
				CLANG_WARN_CONSTANT_CONVERSION = YES;
				CLANG_WARN_EMPTY_BODY = YES;
				CLANG_WARN_ENUM_CONVERSION = YES;
				CLANG_WARN_INT_CONVERSION = YES;
				CLANG_WARN__DUPLICATE_METHOD_MATCH = YES;
				COPY_PHASE_STRIP = YES;
				DEBUG_INFORMATION_FORMAT = "dwarf-with-dsym";
				GCC_C_LANGUAGE_STANDARD = gnu99;
				GCC_ENABLE_CPP_RTTI = NO;
				GCC_ENABLE_OBJC_EXCEPTIONS = YES;
				GCC_WARN_64_TO_32_BIT_CONVERSION = YES;
				GCC_WARN_ABOUT_RETURN_TYPE = YES;
				GCC_WARN_UNINITIALIZED_AUTOS = YES;
				GCC_WARN_UNUSED_VARIABLE = YES;
				MACOSX_DEPLOYMENT_TARGET = 10.8;
				SDKROOT = macosx;
			};
			name = Release;
		};
		8D60427B173BE60900149409 /* Debug */ = {
			isa = XCBuildConfiguration;
			buildSettings = {
				CLANG_ENABLE_OBJC_ARC = YES;
				CODE_SIGN_IDENTITY = "-";
				COMBINE_HIDPI_IMAGES = YES;
				GCC_PRECOMPILE_PREFIX_HEADER = YES;
				GCC_PREFIX_HEADER = "S-Explorer/S-Explorer-Prefix.pch";
				GCC_WARN_64_TO_32_BIT_CONVERSION = NO;
				HEADER_SEARCH_PATHS = /usr/local/include/;
				INFOPLIST_FILE = "S-Explorer/S-Explorer-Info.plist";
				LIBRARY_SEARCH_PATHS = (
					"$(inherited)",
					"\"$(SRCROOT)\"",
				);
				OTHER_CFLAGS = "-Wno-error=shorten-64-to-32";
				PRODUCT_NAME = "$(TARGET_NAME)";
				WRAPPER_EXTENSION = app;
			};
			name = Debug;
		};
		8D60427C173BE60900149409 /* Release */ = {
			isa = XCBuildConfiguration;
			buildSettings = {
				CLANG_ENABLE_OBJC_ARC = YES;
				CODE_SIGN_IDENTITY = "-";
				COMBINE_HIDPI_IMAGES = YES;
				GCC_PRECOMPILE_PREFIX_HEADER = YES;
				GCC_PREFIX_HEADER = "S-Explorer/S-Explorer-Prefix.pch";
				GCC_WARN_64_TO_32_BIT_CONVERSION = NO;
				HEADER_SEARCH_PATHS = /usr/local/include/;
				INFOPLIST_FILE = "S-Explorer/S-Explorer-Info.plist";
				LIBRARY_SEARCH_PATHS = (
					"$(inherited)",
					"\"$(SRCROOT)\"",
				);
				OTHER_CFLAGS = "-Wno-error=shorten-64-to-32";
				PRODUCT_NAME = "$(TARGET_NAME)";
				WRAPPER_EXTENSION = app;
			};
			name = Release;
		};
/* End XCBuildConfiguration section */

/* Begin XCConfigurationList section */
		8D17FE3417EA72A000883285 /* Build configuration list for PBXNativeTarget "S-Explorer-Tests" */ = {
			isa = XCConfigurationList;
			buildConfigurations = (
				8D17FE3517EA72A000883285 /* Debug */,
				8D17FE3617EA72A000883285 /* Release */,
			);
			defaultConfigurationIsVisible = 0;
			defaultConfigurationName = Release;
		};
		8D604241173BE60800149409 /* Build configuration list for PBXProject "S-Explorer" */ = {
			isa = XCConfigurationList;
			buildConfigurations = (
				8D604278173BE60900149409 /* Debug */,
				8D604279173BE60900149409 /* Release */,
			);
			defaultConfigurationIsVisible = 0;
			defaultConfigurationName = Release;
		};
		8D60427A173BE60900149409 /* Build configuration list for PBXNativeTarget "S-Explorer" */ = {
			isa = XCConfigurationList;
			buildConfigurations = (
				8D60427B173BE60900149409 /* Debug */,
				8D60427C173BE60900149409 /* Release */,
			);
			defaultConfigurationIsVisible = 0;
			defaultConfigurationName = Release;
		};
/* End XCConfigurationList section */
	};
	rootObject = 8D60423E173BE60800149409 /* Project object */;
}
